
Microsoft Visual Studio Solution File, Format Version 12.00
# Visual Studio Version 16
VisualStudioVersion = 16.0.29409.12
MinimumVisualStudioVersion = 10.0.40219.1
Project("{8BC9CEB8-8B4A-11D0-8D11-00A0C91BC942}") = "CppPrimer_Primary_Lesson55", "CppPrimer_Primary_Lesson55.vcxproj", "{01DC986B-3F5F-4278-9C44-902984D1DFF8}"
EndProject
Project("{8BC9CEB8-8B4A-11D0-8D11-00A0C91BC942}") = "CppPrimer_Primary_Lesson56", "CppPrimer_Primary_Lesson56\CppPrimer_Primary_Lesson56.vcxproj", "{E9CF049E-97DB-4F09-8E9B-52AC2302E896}"
EndProject
Project("{8BC9CEB8-8B4A-11D0-8D11-00A0C91BC942}") = "CppPrimer_Primary_Lesson57", "..\CppPrimer_Primary_Lesson57\CppPrimer_Primary_Lesson57.vcxproj", "{0F17872A-6F9F-4950-B34F-4BAF498EEF2A}"
EndProject
Global
	GlobalSection(SolutionConfigurationPlatforms) = preSolution
		Debug|x64 = Debug|x64
		Debug|x86 = Debug|x86
		Release|x64 = Release|x64
		Release|x86 = Release|x86
	EndGlobalSection
	GlobalSection(ProjectConfigurationPlatforms) = postSolution
		{01DC986B-3F5F-4278-9C44-902984D1DFF8}.Debug|x64.ActiveCfg = Debug|x64
		{01DC986B-3F5F-4278-9C44-902984D1DFF8}.Debug|x64.Build.0 = Debug|x64
		{01DC986B-3F5F-4278-9C44-902984D1DFF8}.Debug|x86.ActiveCfg = Debug|Win32
		{01DC986B-3F5F-4278-9C44-902984D1DFF8}.Debug|x86.Build.0 = Debug|Win32
		{01DC986B-3F5F-4278-9C44-902984D1DFF8}.Release|x64.ActiveCfg = Release|x64
		{01DC986B-3F5F-4278-9C44-902984D1DFF8}.Release|x64.Build.0 = Release|x64
		{01DC986B-3F5F-4278-9C44-902984D1DFF8}.Release|x86.ActiveCfg = Release|Win32
		{01DC986B-3F5F-4278-9C44-902984D1DFF8}.Release|x86.Build.0 = Release|Win32
		{E9CF049E-97DB-4F09-8E9B-52AC2302E896}.Debug|x64.ActiveCfg = Debug|x64
		{E9CF049E-97DB-4F09-8E9B-52AC2302E896}.Debug|x64.Build.0 = Debug|x64
		{E9CF049E-97DB-4F09-8E9B-52AC2302E896}.Debug|x86.ActiveCfg = Debug|Win32
		{E9CF049E-97DB-4F09-8E9B-52AC2302E896}.Debug|x86.Build.0 = Debug|Win32
		{E9CF049E-97DB-4F09-8E9B-52AC2302E896}.Release|x64.ActiveCfg = Release|x64
		{E9CF049E-97DB-4F09-8E9B-52AC2302E896}.Release|x64.Build.0 = Release|x64
		{E9CF049E-97DB-4F09-8E9B-52AC2302E896}.Release|x86.ActiveCfg = Release|Win32
		{E9CF049E-97DB-4F09-8E9B-52AC2302E896}.Release|x86.Build.0 = Release|Win32
		{0F17872A-6F9F-4950-B34F-4BAF498EEF2A}.Debug|x64.ActiveCfg = Debug|x64
		{0F17872A-6F9F-4950-B34F-4BAF498EEF2A}.Debug|x64.Build.0 = Debug|x64
		{0F17872A-6F9F-4950-B34F-4BAF498EEF2A}.Debug|x86.ActiveCfg = Debug|Win32
		{0F17872A-6F9F-4950-B34F-4BAF498EEF2A}.Debug|x86.Build.0 = Debug|Win32
		{0F17872A-6F9F-4950-B34F-4BAF498EEF2A}.Release|x64.ActiveCfg = Release|x64
		{0F17872A-6F9F-4950-B34F-4BAF498EEF2A}.Release|x64.Build.0 = Release|x64
		{0F17872A-6F9F-4950-B34F-4BAF498EEF2A}.Release|x86.ActiveCfg = Release|Win32
		{0F17872A-6F9F-4950-B34F-4BAF498EEF2A}.Release|x86.Build.0 = Release|Win32
	EndGlobalSection
	GlobalSection(SolutionProperties) = preSolution
		HideSolutionNode = FALSE
	EndGlobalSection
	GlobalSection(ExtensibilityGlobals) = postSolution
		SolutionGuid = {721F7DCE-E776-4C71-B1C2-FC51D4EFDCE8}
	EndGlobalSection
EndGlobal
